{
  "name": "@interledger/http-signature-utils",
  "version": "2.0.2",
  "lockfileVersion": 3,
  "requires": true,
  "packages": {
    "": {
      "name": "@interledger/http-signature-utils",
      "version": "2.0.2",
      "dependencies": {
        "@interledger/http-signature-utils": "file:",
        "http-message-signatures": "^1.0.4",
        "httpbis-digest-headers": "^1.0.0",
        "jose": "^4.13.1",
        "uuid": "^9.0.0"
      },
      "devDependencies": {
        "@types/node": "^20.12.7",
        "@types/uuid": "^9.0.0",
        "typescript": "^4.9.5"
      }
    },
    "node_modules/@interledger/http-signature-utils": {
      "resolved": "",
      "link": true
    },
    "node_modules/@types/node": {
      "version": "20.16.13",
      "resolved": "https://registry.npmjs.org/@types/node/-/node-20.16.13.tgz",
      "integrity": "sha512-GjQ7im10B0labo8ZGXDGROUl9k0BNyDgzfGpb4g/cl+4yYDWVKcozANF4FGr4/p0O/rAkQClM6Wiwkije++1Tg==",
      "dev": true,
      "license": "MIT",
      "dependencies": {
        "undici-types": "~6.19.2"
      }
    },
    "node_modules/@types/uuid": {
      "version": "9.0.8",
      "resolved": "https://registry.npmjs.org/@types/uuid/-/uuid-9.0.8.tgz",
      "integrity": "sha512-jg+97EGIcY9AGHJJRaaPVgetKDsrTgbRjQ5Msgjh/DQKEFl0DtyRr/VCOyD1T2R1MNeWPK/u7JoGhlDZnKBAfA==",
      "dev": true,
      "license": "MIT"
    },
    "node_modules/http-message-signatures": {
      "version": "1.0.4",
      "resolved": "https://registry.npmjs.org/http-message-signatures/-/http-message-signatures-1.0.4.tgz",
      "integrity": "sha512-gavCQWnxHFg0BVlKs6CmYK7hNSH1o0x0mHTC68yBAHYOYuTVXPv52mEE7QuT5TenfiagTdOa/zPJzen4lEX7Rg==",
      "license": "ISC",
      "dependencies": {
        "structured-headers": "^1.0.1"
      }
    },
    "node_modules/httpbis-digest-headers": {
      "version": "1.0.0",
      "resolved": "https://registry.npmjs.org/httpbis-digest-headers/-/httpbis-digest-headers-1.0.0.tgz",
      "integrity": "sha512-RpaFuZD3tG8wtsvjDv1u7O8wAvfpAxS20F3CrFPZOMn+IBb7E7yiqlN5Tks4E5tBEnTdpMOD151rJsUv03sAIg==",
      "license": "MIT",
      "dependencies": {
        "structured-headers": "^0.5.0"
      }
    },
    "node_modules/httpbis-digest-headers/node_modules/structured-headers": {
      "version": "0.5.0",
      "resolved": "https://registry.npmjs.org/structured-headers/-/structured-headers-0.5.0.tgz",
      "integrity": "sha512-oLnmXSsjhud+LxRJpvokwP8ImEB2wTg8sg30buwfVViKMuluTv3BlOJHUX9VW9pJ2nQOxmx87Z0kB86O4cphag==",
      "license": "MIT"
    },
    "node_modules/jose": {
      "version": "4.15.9",
      "resolved": "https://registry.npmjs.org/jose/-/jose-4.15.9.tgz",
      "integrity": "sha512-1vUQX+IdDMVPj4k8kOxgUqlcK518yluMuGZwqlr44FS1ppZB/5GWh4rZG89erpOBOJjU/OBsnCVFfapsRz6nEA==",
      "license": "MIT",
      "funding": {
        "url": "https://github.com/sponsors/panva"
      }
    },
    "node_modules/structured-headers": {
      "version": "1.0.1",
      "resolved": "https://registry.npmjs.org/structured-headers/-/structured-headers-1.0.1.tgz",
      "integrity": "sha512-QYBxdBtA4Tl5rFPuqmbmdrS9kbtren74RTJTcs0VSQNVV5iRhJD4QlYTLD0+81SBwUQctjEQzjTRI3WG4DzICA==",
      "license": "MIT",
      "engines": {
        "node": ">= 14",
        "npm": ">=6"
      }
    },
    "node_modules/typescript": {
      "version": "4.9.5",
      "resolved": "https://registry.npmjs.org/typescript/-/typescript-4.9.5.tgz",
      "integrity": "sha512-1FXk9E2Hm+QzZQ7z+McJiHL4NW1F2EzMu9Nq9i3zAaGqibafqYwCVU6WyWAuyQRRzOlxou8xZSyXLEN8oKj24g==",
      "dev": true,
      "license": "Apache-2.0",
      "bin": {
        "tsc": "bin/tsc",
        "tsserver": "bin/tsserver"
      },
      "engines": {
        "node": ">=4.2.0"
      }
    },
    "node_modules/undici-types": {
      "version": "6.19.8",
      "resolved": "https://registry.npmjs.org/undici-types/-/undici-types-6.19.8.tgz",
      "integrity": "sha512-ve2KP6f/JnbPBFyobGHuerC9g1FYGn/F8n1LWTwNxCEzd6IfqTwUQcNXgEtmmQ6DlRrC1hrSrBnCZPokRrDHjw==",
      "dev": true,
      "license": "MIT"
    },
    "node_modules/uuid": {
      "version": "9.0.1",
      "resolved": "https://registry.npmjs.org/uuid/-/uuid-9.0.1.tgz",
      "integrity": "sha512-b+1eJOlsR9K8HJpow9Ok3fiWOWSIcIzXodvv0rQjVoOVNpWMpxf1wZNpt4y9h10odCNrqnYp1OBzRktckBe3sA==",
      "funding": [
        "https://github.com/sponsors/broofa",
        "https://github.com/sponsors/ctavan"
      ],
      "license": "MIT",
      "bin": {
        "uuid": "dist/bin/uuid"
      }
    }
  }
}
